
Microsoft Visual Studio Solution File, Format Version 12.00
# Visual Studio Version 17
VisualStudioVersion = 17.5.002.0
MinimumVisualStudioVersion = 10.0.40219.1
Project("{9A19103F-16F7-4668-BE54-9A1E7A4F7556}") = "qt", "qt.csproj", "{ADF80003-094F-49D7-8FB9-A113F1F1E9EC}"
EndProject
Global
	GlobalSection(SolutionConfigurationPlatforms) = preSolution
		Debug|Any CPU = Debug|Any CPU
		Release|Any CPU = Release|Any CPU
	EndGlobalSection
	GlobalSection(ProjectConfigurationPlatforms) = postSolution
		{ADF80003-094F-49D7-8FB9-A113F1F1E9EC}.Debug|Any CPU.ActiveCfg = Debug|Any CPU
		{ADF80003-094F-49D7-8FB9-A113F1F1E9EC}.Debug|Any CPU.Build.0 = Debug|Any CPU
		{ADF80003-094F-49D7-8FB9-A113F1F1E9EC}.Release|Any CPU.ActiveCfg = Release|Any CPU
		{ADF80003-094F-49D7-8FB9-A113F1F1E9EC}.Release|Any CPU.Build.0 = Release|Any CPU
	EndGlobalSection
	GlobalSection(SolutionProperties) = preSolution
		HideSolutionNode = FALSE
	EndGlobalSection
	GlobalSection(ExtensibilityGlobals) = postSolution
		SolutionGuid = {6485DAE2-ACD2-4557-BE3B-75217F420F1B}
	EndGlobalSection
EndGlobal
